
Microsoft Visual Studio Solution File, Format Version 12.00
# Visual Studio Version 17
VisualStudioVersion = 17.10.35013.160
MinimumVisualStudioVersion = 10.0.40219.1
Project("{2150E333-8FDC-42A3-9474-1A3956D46DE8}") = "src", "src", "{10EF6EF4-D998-402D-A7E6-40C8308EED8C}"
EndProject
Project("{2150E333-8FDC-42A3-9474-1A3956D46DE8}") = "samples", "samples", "{1CDAD202-ED9B-4B3A-A0B6-9075F7885F4C}"
EndProject
Project("{9A19103F-16F7-4668-BE54-9A1E7A4F7556}") = "Abp.RadzenUI.Blazor.Server", "src\Abp.RadzenUI.Blazor.Server\Abp.RadzenUI.Blazor.Server.csproj", "{58DA4FEA-1ED6-462A-AF80-6EE572ED1109}"
EndProject
Global
	GlobalSection(SolutionConfigurationPlatforms) = preSolution
		Debug|Any CPU = Debug|Any CPU
		Release|Any CPU = Release|Any CPU
	EndGlobalSection
	GlobalSection(ProjectConfigurationPlatforms) = postSolution
		{58DA4FEA-1ED6-462A-AF80-6EE572ED1109}.Debug|Any CPU.ActiveCfg = Debug|Any CPU
		{58DA4FEA-1ED6-462A-AF80-6EE572ED1109}.Debug|Any CPU.Build.0 = Debug|Any CPU
		{58DA4FEA-1ED6-462A-AF80-6EE572ED1109}.Release|Any CPU.ActiveCfg = Release|Any CPU
		{58DA4FEA-1ED6-462A-AF80-6EE572ED1109}.Release|Any CPU.Build.0 = Release|Any CPU
	EndGlobalSection
	GlobalSection(SolutionProperties) = preSolution
		HideSolutionNode = FALSE
	EndGlobalSection
	GlobalSection(NestedProjects) = preSolution
		{58DA4FEA-1ED6-462A-AF80-6EE572ED1109} = {10EF6EF4-D998-402D-A7E6-40C8308EED8C}
	EndGlobalSection
	GlobalSection(ExtensibilityGlobals) = postSolution
		SolutionGuid = {440DDE31-5D3A-4D00-934D-7A6E1F23132F}
	EndGlobalSection
EndGlobal
